
Microsoft Visual Studio Solution File, Format Version 12.00
# Visual Studio 14
VisualStudioVersion = 14.0.25420.1
MinimumVisualStudioVersion = 10.0.40219.1
Project("{8BB2217D-0F2D-49D1-97BC-3654ED321F3B}") = "Geo", "Geo\Geo.xproj", "{EAE33622-54B7-4A3B-93F7-C082408EE9E9}"
EndProject
Project("{8BB2217D-0F2D-49D1-97BC-3654ED321F3B}") = "Geo.Raven", "Geo.Raven\Geo.Raven.xproj", "{2627BF6C-460C-4B18-855B-225BD48B5391}"
EndProject
Project("{8BB2217D-0F2D-49D1-97BC-3654ED321F3B}") = "Geo.Tests", "Geo.Tests\Geo.Tests.xproj", "{7D11B69D-83B7-489E-B221-F99B8AC389D0}"
EndProject
Global
	GlobalSection(SolutionConfigurationPlatforms) = preSolution
		Ad-Hoc|Any CPU = Ad-Hoc|Any CPU
		Ad-Hoc|iPhone = Ad-Hoc|iPhone
		Ad-Hoc|iPhoneSimulator = Ad-Hoc|iPhoneSimulator
		Ad-Hoc|Mixed Platforms = Ad-Hoc|Mixed Platforms
		AppStore|Any CPU = AppStore|Any CPU
		AppStore|iPhone = AppStore|iPhone
		AppStore|iPhoneSimulator = AppStore|iPhoneSimulator
		AppStore|Mixed Platforms = AppStore|Mixed Platforms
		Debug|Any CPU = Debug|Any CPU
		Debug|iPhone = Debug|iPhone
		Debug|iPhoneSimulator = Debug|iPhoneSimulator
		Debug|Mixed Platforms = Debug|Mixed Platforms
		Release|Any CPU = Release|Any CPU
		Release|iPhone = Release|iPhone
		Release|iPhoneSimulator = Release|iPhoneSimulator
		Release|Mixed Platforms = Release|Mixed Platforms
	EndGlobalSection
	GlobalSection(ProjectConfigurationPlatforms) = postSolution
		{EAE33622-54B7-4A3B-93F7-C082408EE9E9}.Ad-Hoc|Any CPU.ActiveCfg = Release|Any CPU
		{EAE33622-54B7-4A3B-93F7-C082408EE9E9}.Ad-Hoc|Any CPU.Build.0 = Release|Any CPU
		{EAE33622-54B7-4A3B-93F7-C082408EE9E9}.Ad-Hoc|iPhone.ActiveCfg = Release|Any CPU
		{EAE33622-54B7-4A3B-93F7-C082408EE9E9}.Ad-Hoc|iPhoneSimulator.ActiveCfg = Release|Any CPU
		{EAE33622-54B7-4A3B-93F7-C082408EE9E9}.Ad-Hoc|Mixed Platforms.ActiveCfg = Release|Any CPU
		{EAE33622-54B7-4A3B-93F7-C082408EE9E9}.Ad-Hoc|Mixed Platforms.Build.0 = Release|Any CPU
		{EAE33622-54B7-4A3B-93F7-C082408EE9E9}.AppStore|Any CPU.ActiveCfg = Release|Any CPU
		{EAE33622-54B7-4A3B-93F7-C082408EE9E9}.AppStore|Any CPU.Build.0 = Release|Any CPU
		{EAE33622-54B7-4A3B-93F7-C082408EE9E9}.AppStore|iPhone.ActiveCfg = Release|Any CPU
		{EAE33622-54B7-4A3B-93F7-C082408EE9E9}.AppStore|iPhoneSimulator.ActiveCfg = Release|Any CPU
		{EAE33622-54B7-4A3B-93F7-C082408EE9E9}.AppStore|Mixed Platforms.ActiveCfg = Release|Any CPU
		{EAE33622-54B7-4A3B-93F7-C082408EE9E9}.AppStore|Mixed Platforms.Build.0 = Release|Any CPU
		{EAE33622-54B7-4A3B-93F7-C082408EE9E9}.Debug|Any CPU.ActiveCfg = Debug|Any CPU
		{EAE33622-54B7-4A3B-93F7-C082408EE9E9}.Debug|Any CPU.Build.0 = Debug|Any CPU
		{EAE33622-54B7-4A3B-93F7-C082408EE9E9}.Debug|iPhone.ActiveCfg = Debug|Any CPU
		{EAE33622-54B7-4A3B-93F7-C082408EE9E9}.Debug|iPhoneSimulator.ActiveCfg = Debug|Any CPU
		{EAE33622-54B7-4A3B-93F7-C082408EE9E9}.Debug|Mixed Platforms.ActiveCfg = Debug|Any CPU
		{EAE33622-54B7-4A3B-93F7-C082408EE9E9}.Debug|Mixed Platforms.Build.0 = Debug|Any CPU
		{EAE33622-54B7-4A3B-93F7-C082408EE9E9}.Release|Any CPU.ActiveCfg = Release|Any CPU
		{EAE33622-54B7-4A3B-93F7-C082408EE9E9}.Release|Any CPU.Build.0 = Release|Any CPU
		{EAE33622-54B7-4A3B-93F7-C082408EE9E9}.Release|iPhone.ActiveCfg = Release|Any CPU
		{EAE33622-54B7-4A3B-93F7-C082408EE9E9}.Release|iPhoneSimulator.ActiveCfg = Release|Any CPU
		{EAE33622-54B7-4A3B-93F7-C082408EE9E9}.Release|Mixed Platforms.ActiveCfg = Release|Any CPU
		{EAE33622-54B7-4A3B-93F7-C082408EE9E9}.Release|Mixed Platforms.Build.0 = Release|Any CPU
		{2627BF6C-460C-4B18-855B-225BD48B5391}.Ad-Hoc|Any CPU.ActiveCfg = Release|Any CPU
		{2627BF6C-460C-4B18-855B-225BD48B5391}.Ad-Hoc|Any CPU.Build.0 = Release|Any CPU
		{2627BF6C-460C-4B18-855B-225BD48B5391}.Ad-Hoc|iPhone.ActiveCfg = Release|Any CPU
		{2627BF6C-460C-4B18-855B-225BD48B5391}.Ad-Hoc|iPhoneSimulator.ActiveCfg = Release|Any CPU
		{2627BF6C-460C-4B18-855B-225BD48B5391}.Ad-Hoc|Mixed Platforms.ActiveCfg = Release|Any CPU
		{2627BF6C-460C-4B18-855B-225BD48B5391}.Ad-Hoc|Mixed Platforms.Build.0 = Release|Any CPU
		{2627BF6C-460C-4B18-855B-225BD48B5391}.AppStore|Any CPU.ActiveCfg = Release|Any CPU
		{2627BF6C-460C-4B18-855B-225BD48B5391}.AppStore|Any CPU.Build.0 = Release|Any CPU
		{2627BF6C-460C-4B18-855B-225BD48B5391}.AppStore|iPhone.ActiveCfg = Release|Any CPU
		{2627BF6C-460C-4B18-855B-225BD48B5391}.AppStore|iPhoneSimulator.ActiveCfg = Release|Any CPU
		{2627BF6C-460C-4B18-855B-225BD48B5391}.AppStore|Mixed Platforms.ActiveCfg = Release|Any CPU
		{2627BF6C-460C-4B18-855B-225BD48B5391}.AppStore|Mixed Platforms.Build.0 = Release|Any CPU
		{2627BF6C-460C-4B18-855B-225BD48B5391}.Debug|Any CPU.ActiveCfg = Debug|Any CPU
		{2627BF6C-460C-4B18-855B-225BD48B5391}.Debug|Any CPU.Build.0 = Debug|Any CPU
		{2627BF6C-460C-4B18-855B-225BD48B5391}.Debug|iPhone.ActiveCfg = Debug|Any CPU
		{2627BF6C-460C-4B18-855B-225BD48B5391}.Debug|iPhoneSimulator.ActiveCfg = Debug|Any CPU
		{2627BF6C-460C-4B18-855B-225BD48B5391}.Debug|Mixed Platforms.ActiveCfg = Debug|Any CPU
		{2627BF6C-460C-4B18-855B-225BD48B5391}.Debug|Mixed Platforms.Build.0 = Debug|Any CPU
		{2627BF6C-460C-4B18-855B-225BD48B5391}.Release|Any CPU.ActiveCfg = Release|Any CPU
		{2627BF6C-460C-4B18-855B-225BD48B5391}.Release|Any CPU.Build.0 = Release|Any CPU
		{2627BF6C-460C-4B18-855B-225BD48B5391}.Release|iPhone.ActiveCfg = Release|Any CPU
		{2627BF6C-460C-4B18-855B-225BD48B5391}.Release|iPhoneSimulator.ActiveCfg = Release|Any CPU
		{2627BF6C-460C-4B18-855B-225BD48B5391}.Release|Mixed Platforms.ActiveCfg = Release|Any CPU
		{2627BF6C-460C-4B18-855B-225BD48B5391}.Release|Mixed Platforms.Build.0 = Release|Any CPU
		{7D11B69D-83B7-489E-B221-F99B8AC389D0}.Ad-Hoc|Any CPU.ActiveCfg = Release|Any CPU
		{7D11B69D-83B7-489E-B221-F99B8AC389D0}.Ad-Hoc|Any CPU.Build.0 = Release|Any CPU
		{7D11B69D-83B7-489E-B221-F99B8AC389D0}.Ad-Hoc|iPhone.ActiveCfg = Release|Any CPU
		{7D11B69D-83B7-489E-B221-F99B8AC389D0}.Ad-Hoc|iPhoneSimulator.ActiveCfg = Release|Any CPU
		{7D11B69D-83B7-489E-B221-F99B8AC389D0}.Ad-Hoc|Mixed Platforms.ActiveCfg = Release|Any CPU
		{7D11B69D-83B7-489E-B221-F99B8AC389D0}.Ad-Hoc|Mixed Platforms.Build.0 = Release|Any CPU
		{7D11B69D-83B7-489E-B221-F99B8AC389D0}.AppStore|Any CPU.ActiveCfg = Release|Any CPU
		{7D11B69D-83B7-489E-B221-F99B8AC389D0}.AppStore|Any CPU.Build.0 = Release|Any CPU
		{7D11B69D-83B7-489E-B221-F99B8AC389D0}.AppStore|iPhone.ActiveCfg = Release|Any CPU
		{7D11B69D-83B7-489E-B221-F99B8AC389D0}.AppStore|iPhoneSimulator.ActiveCfg = Release|Any CPU
		{7D11B69D-83B7-489E-B221-F99B8AC389D0}.AppStore|Mixed Platforms.ActiveCfg = Release|Any CPU
		{7D11B69D-83B7-489E-B221-F99B8AC389D0}.AppStore|Mixed Platforms.Build.0 = Release|Any CPU
		{7D11B69D-83B7-489E-B221-F99B8AC389D0}.Debug|Any CPU.ActiveCfg = Debug|Any CPU
		{7D11B69D-83B7-489E-B221-F99B8AC389D0}.Debug|Any CPU.Build.0 = Debug|Any CPU
		{7D11B69D-83B7-489E-B221-F99B8AC389D0}.Debug|iPhone.ActiveCfg = Debug|Any CPU
		{7D11B69D-83B7-489E-B221-F99B8AC389D0}.Debug|iPhoneSimulator.ActiveCfg = Debug|Any CPU
		{7D11B69D-83B7-489E-B221-F99B8AC389D0}.Debug|Mixed Platforms.ActiveCfg = Debug|Any CPU
		{7D11B69D-83B7-489E-B221-F99B8AC389D0}.Debug|Mixed Platforms.Build.0 = Debug|Any CPU
		{7D11B69D-83B7-489E-B221-F99B8AC389D0}.Release|Any CPU.ActiveCfg = Release|Any CPU
		{7D11B69D-83B7-489E-B221-F99B8AC389D0}.Release|Any CPU.Build.0 = Release|Any CPU
		{7D11B69D-83B7-489E-B221-F99B8AC389D0}.Release|iPhone.ActiveCfg = Release|Any CPU
		{7D11B69D-83B7-489E-B221-F99B8AC389D0}.Release|iPhoneSimulator.ActiveCfg = Release|Any CPU
		{7D11B69D-83B7-489E-B221-F99B8AC389D0}.Release|Mixed Platforms.ActiveCfg = Release|Any CPU
		{7D11B69D-83B7-489E-B221-F99B8AC389D0}.Release|Mixed Platforms.Build.0 = Release|Any CPU
	EndGlobalSection
	GlobalSection(SolutionProperties) = preSolution
		HideSolutionNode = FALSE
	EndGlobalSection
	GlobalSection(MonoDevelopProperties) = preSolution
		StartupItem = Geo\Geo.csproj
	EndGlobalSection
EndGlobal
